// !$*UTF8*$!
{
	archiveVersion = 1;
	classes = {
	};
	objectVersion = 50;
	objects = {

/* Begin PBXBuildFile section */
		2114589521975763008C0DF1 /* LoginViewController.swift in Sources */ = {isa = PBXBuildFile; fileRef = 2114589421975763008C0DF1 /* LoginViewController.swift */; };
		21FCA7C42196208C00244CC8 /* AppDelegate.swift in Sources */ = {isa = PBXBuildFile; fileRef = 21FCA7C32196208C00244CC8 /* AppDelegate.swift */; };
		21FCA7C62196208C00244CC8 /* StartViewController.swift in Sources */ = {isa = PBXBuildFile; fileRef = 21FCA7C52196208C00244CC8 /* StartViewController.swift */; };
		21FCA7C92196208C00244CC8 /* Main.storyboard in Resources */ = {isa = PBXBuildFile; fileRef = 21FCA7C72196208C00244CC8 /* Main.storyboard */; };
		21FCA7CC2196208C00244CC8 /* FaceTouchAndSecureData.xcdatamodeld in Sources */ = {isa = PBXBuildFile; fileRef = 21FCA7CA2196208C00244CC8 /* FaceTouchAndSecureData.xcdatamodeld */; };
		21FCA7CE2196208E00244CC8 /* Assets.xcassets in Resources */ = {isa = PBXBuildFile; fileRef = 21FCA7CD2196208E00244CC8 /* Assets.xcassets */; };
		21FCA7D12196208E00244CC8 /* LaunchScreen.storyboard in Resources */ = {isa = PBXBuildFile; fileRef = 21FCA7CF2196208E00244CC8 /* LaunchScreen.storyboard */; };
		21FCA7DC2196208E00244CC8 /* FaceTouchAndSecureDataTests.swift in Sources */ = {isa = PBXBuildFile; fileRef = 21FCA7DB2196208E00244CC8 /* FaceTouchAndSecureDataTests.swift */; };
/* End PBXBuildFile section */

/* Begin PBXContainerItemProxy section */
		21FCA7D82196208E00244CC8 /* PBXContainerItemProxy */ = {
			isa = PBXContainerItemProxy;
			containerPortal = 21FCA7B82196208C00244CC8 /* Project object */;
			proxyType = 1;
			remoteGlobalIDString = 21FCA7BF2196208C00244CC8;
			remoteInfo = FaceTouchAndSecureData;
		};
/* End PBXContainerItemProxy section */

/* Begin PBXFileReference section */
		2114589421975763008C0DF1 /* LoginViewController.swift */ = {isa = PBXFileReference; lastKnownFileType = sourcecode.swift; path = LoginViewController.swift; sourceTree = "<group>"; };
		21FCA7C02196208C00244CC8 /* FaceTouchAndSecureData.app */ = {isa = PBXFileReference; explicitFileType = wrapper.application; includeInIndex = 0; path = FaceTouchAndSecureData.app; sourceTree = BUILT_PRODUCTS_DIR; };
		21FCA7C32196208C00244CC8 /* AppDelegate.swift */ = {isa = PBXFileReference; lastKnownFileType = sourcecode.swift; path = AppDelegate.swift; sourceTree = "<group>"; };
		21FCA7C52196208C00244CC8 /* StartViewController.swift */ = {isa = PBXFileReference; lastKnownFileType = sourcecode.swift; path = StartViewController.swift; sourceTree = "<group>"; };
		21FCA7C82196208C00244CC8 /* Base */ = {isa = PBXFileReference; lastKnownFileType = file.storyboard; name = Base; path = Base.lproj/Main.storyboard; sourceTree = "<group>"; };
		21FCA7CB2196208C00244CC8 /* FaceTouchAndSecureData.xcdatamodel */ = {isa = PBXFileReference; lastKnownFileType = wrapper.xcdatamodel; path = FaceTouchAndSecureData.xcdatamodel; sourceTree = "<group>"; };
		21FCA7CD2196208E00244CC8 /* Assets.xcassets */ = {isa = PBXFileReference; lastKnownFileType = folder.assetcatalog; path = Assets.xcassets; sourceTree = "<group>"; };
		21FCA7D02196208E00244CC8 /* Base */ = {isa = PBXFileReference; lastKnownFileType = file.storyboard; name = Base; path = Base.lproj/LaunchScreen.storyboard; sourceTree = "<group>"; };
		21FCA7D22196208E00244CC8 /* Info.plist */ = {isa = PBXFileReference; lastKnownFileType = text.plist.xml; path = Info.plist; sourceTree = "<group>"; };
		21FCA7D72196208E00244CC8 /* FaceTouchAndSecureDataTests.xctest */ = {isa = PBXFileReference; explicitFileType = wrapper.cfbundle; includeInIndex = 0; path = FaceTouchAndSecureDataTests.xctest; sourceTree = BUILT_PRODUCTS_DIR; };
		21FCA7DB2196208E00244CC8 /* FaceTouchAndSecureDataTests.swift */ = {isa = PBXFileReference; lastKnownFileType = sourcecode.swift; path = FaceTouchAndSecureDataTests.swift; sourceTree = "<group>"; };
		21FCA7DD2196208E00244CC8 /* Info.plist */ = {isa = PBXFileReference; lastKnownFileType = text.plist.xml; path = Info.plist; sourceTree = "<group>"; };
/* End PBXFileReference section */

/* Begin PBXFrameworksBuildPhase section */
		21FCA7BD2196208C00244CC8 /* Frameworks */ = {
			isa = PBXFrameworksBuildPhase;
			buildActionMask = 2147483647;
			files = (
			);
			runOnlyForDeploymentPostprocessing = 0;
		};
		21FCA7D42196208E00244CC8 /* Frameworks */ = {
			isa = PBXFrameworksBuildPhase;
			buildActionMask = 2147483647;
			files = (
			);
			runOnlyForDeploymentPostprocessing = 0;
		};
/* End PBXFrameworksBuildPhase section */

/* Begin PBXGroup section */
		21FCA7B72196208C00244CC8 = {
			isa = PBXGroup;
			children = (
				21FCA7C22196208C00244CC8 /* FaceTouchAndSecureData */,
				21FCA7DA2196208E00244CC8 /* FaceTouchAndSecureDataTests */,
				21FCA7C12196208C00244CC8 /* Products */,
			);
			sourceTree = "<group>";
		};
		21FCA7C12196208C00244CC8 /* Products */ = {
			isa = PBXGroup;
			children = (
				21FCA7C02196208C00244CC8 /* FaceTouchAndSecureData.app */,
				21FCA7D72196208E00244CC8 /* FaceTouchAndSecureDataTests.xctest */,
			);
			name = Products;
			sourceTree = "<group>";
		};
		21FCA7C22196208C00244CC8 /* FaceTouchAndSecureData */ = {
			isa = PBXGroup;
			children = (
				21FCA7C32196208C00244CC8 /* AppDelegate.swift */,
				21FCA7C52196208C00244CC8 /* StartViewController.swift */,
				21FCA7C72196208C00244CC8 /* Main.storyboard */,
				21FCA7CD2196208E00244CC8 /* Assets.xcassets */,
				21FCA7CF2196208E00244CC8 /* LaunchScreen.storyboard */,
				21FCA7D22196208E00244CC8 /* Info.plist */,
				21FCA7CA2196208C00244CC8 /* FaceTouchAndSecureData.xcdatamodeld */,
				2114589421975763008C0DF1 /* LoginViewController.swift */,
			);
			path = FaceTouchAndSecureData;
			sourceTree = "<group>";
		};
		21FCA7DA2196208E00244CC8 /* FaceTouchAndSecureDataTests */ = {
			isa = PBXGroup;
			children = (
				21FCA7DB2196208E00244CC8 /* FaceTouchAndSecureDataTests.swift */,
				21FCA7DD2196208E00244CC8 /* Info.plist */,
			);
			path = FaceTouchAndSecureDataTests;
			sourceTree = "<group>";
		};
/* End PBXGroup section */

/* Begin PBXNativeTarget section */
		21FCA7BF2196208C00244CC8 /* FaceTouchAndSecureData */ = {
			isa = PBXNativeTarget;
			buildConfigurationList = 21FCA7E02196208E00244CC8 /* Build configuration list for PBXNativeTarget "FaceTouchAndSecureData" */;
			buildPhases = (
				21FCA7BC2196208C00244CC8 /* Sources */,
				21FCA7BD2196208C00244CC8 /* Frameworks */,
				21FCA7BE2196208C00244CC8 /* Resources */,
			);
			buildRules = (
			);
			dependencies = (
			);
			name = FaceTouchAndSecureData;
			productName = FaceTouchAndSecureData;
			productReference = 21FCA7C02196208C00244CC8 /* FaceTouchAndSecureData.app */;
			productType = "com.apple.product-type.application";
		};
		21FCA7D62196208E00244CC8 /* FaceTouchAndSecureDataTests */ = {
			isa = PBXNativeTarget;
			buildConfigurationList = 21FCA7E32196208E00244CC8 /* Build configuration list for PBXNativeTarget "FaceTouchAndSecureDataTests" */;
			buildPhases = (
				21FCA7D32196208E00244CC8 /* Sources */,
				21FCA7D42196208E00244CC8 /* Frameworks */,
				21FCA7D52196208E00244CC8 /* Resources */,
			);
			buildRules = (
			);
			dependencies = (
				21FCA7D92196208E00244CC8 /* PBXTargetDependency */,
			);
			name = FaceTouchAndSecureDataTests;
			productName = FaceTouchAndSecureDataTests;
			productReference = 21FCA7D72196208E00244CC8 /* FaceTouchAndSecureDataTests.xctest */;
			productType = "com.apple.product-type.bundle.unit-test";
		};
/* End PBXNativeTarget section */

/* Begin PBXProject section */
		21FCA7B82196208C00244CC8 /* Project object */ = {
			isa = PBXProject;
			attributes = {
				LastSwiftUpdateCheck = 1010;
				LastUpgradeCheck = 1010;
				ORGANIZATIONNAME = santosh104;
				TargetAttributes = {
					21FCA7BF2196208C00244CC8 = {
						CreatedOnToolsVersion = 10.1;
					};
					21FCA7D62196208E00244CC8 = {
						CreatedOnToolsVersion = 10.1;
						TestTargetID = 21FCA7BF2196208C00244CC8;
					};
				};
			};
			buildConfigurationList = 21FCA7BB2196208C00244CC8 /* Build configuration list for PBXProject "FaceTouchAndSecureData" */;
			compatibilityVersion = "Xcode 9.3";
			developmentRegion = en;
			hasScannedForEncodings = 0;
			knownRegions = (
				en,
				Base,
			);
			mainGroup = 21FCA7B72196208C00244CC8;
			productRefGroup = 21FCA7C12196208C00244CC8 /* Products */;
			projectDirPath = "";
			projectRoot = "";
			targets = (
				21FCA7BF2196208C00244CC8 /* FaceTouchAndSecureData */,
				21FCA7D62196208E00244CC8 /* FaceTouchAndSecureDataTests */,
			);
		};
/* End PBXProject section */

/* Begin PBXResourcesBuildPhase section */
		21FCA7BE2196208C00244CC8 /* Resources */ = {
			isa = PBXResourcesBuildPhase;
			buildActionMask = 2147483647;
			files = (
				21FCA7D12196208E00244CC8 /* LaunchScreen.storyboard in Resources */,
				21FCA7CE2196208E00244CC8 /* Assets.xcassets in Resources */,
				21FCA7C92196208C00244CC8 /* Main.storyboard in Resources */,
			);
			runOnlyForDeploymentPostprocessing = 0;
		};
		21FCA7D52196208E00244CC8 /* Resources */ = {
			isa = PBXResourcesBuildPhase;
			buildActionMask = 2147483647;
			files = (
			);
			runOnlyForDeploymentPostprocessing = 0;
		};
/* End PBXResourcesBuildPhase section */

/* Begin PBXSourcesBuildPhase section */
		21FCA7BC2196208C00244CC8 /* Sources */ = {
			isa = PBXSourcesBuildPhase;
			buildActionMask = 2147483647;
			files = (
				2114589521975763008C0DF1 /* LoginViewController.swift in Sources */,
				21FCA7C62196208C00244CC8 /* StartViewController.swift in Sources */,
				21FCA7CC2196208C00244CC8 /* FaceTouchAndSecureData.xcdatamodeld in Sources */,
				21FCA7C42196208C00244CC8 /* AppDelegate.swift in Sources */,
			);
			runOnlyForDeploymentPostprocessing = 0;
		};
		21FCA7D32196208E00244CC8 /* Sources */ = {
			isa = PBXSourcesBuildPhase;
			buildActionMask = 2147483647;
			files = (
				21FCA7DC2196208E00244CC8 /* FaceTouchAndSecureDataTests.swift in Sources */,
			);
			runOnlyForDeploymentPostprocessing = 0;
		};
/* End PBXSourcesBuildPhase section */

/* Begin PBXTargetDependency section */
		21FCA7D92196208E00244CC8 /* PBXTargetDependency */ = {
			isa = PBXTargetDependency;
			target = 21FCA7BF2196208C00244CC8 /* FaceTouchAndSecureData */;
			targetProxy = 21FCA7D82196208E00244CC8 /* PBXContainerItemProxy */;
		};
/* End PBXTargetDependency section */

/* Begin PBXVariantGroup section */
		21FCA7C72196208C00244CC8 /* Main.storyboard */ = {
			isa = PBXVariantGroup;
			children = (
				21FCA7C82196208C00244CC8 /* Base */,
			);
			name = Main.storyboard;
			sourceTree = "<group>";
		};
		21FCA7CF2196208E00244CC8 /* LaunchScreen.storyboard */ = {
			isa = PBXVariantGroup;
			children = (
				21FCA7D02196208E00244CC8 /* Base */,
			);
			name = LaunchScreen.storyboard;
			sourceTree = "<group>";
		};
/* End PBXVariantGroup section */

/* Begin XCBuildConfiguration section */
		21FCA7DE2196208E00244CC8 /* Debug */ = {
			isa = XCBuildConfiguration;
			buildSettings = {
				ALWAYS_SEARCH_USER_PATHS = NO;
				CLANG_ANALYZER_NONNULL = YES;
				CLANG_ANALYZER_NUMBER_OBJECT_CONVERSION = YES_AGGRESSIVE;
				CLANG_CXX_LANGUAGE_STANDARD = "gnu++14";
				CLANG_CXX_LIBRARY = "libc++";
				CLANG_ENABLE_MODULES = YES;
				CLANG_ENABLE_OBJC_ARC = YES;
				CLANG_ENABLE_OBJC_WEAK = YES;
				CLANG_WARN_BLOCK_CAPTURE_AUTORELEASING = YES;
				CLANG_WARN_BOOL_CONVERSION = YES;
				CLANG_WARN_COMMA = YES;
				CLANG_WARN_CONSTANT_CONVERSION = YES;
				CLANG_WARN_DEPRECATED_OBJC_IMPLEMENTATIONS = YES;
				CLANG_WARN_DIRECT_OBJC_ISA_USAGE = YES_ERROR;
				CLANG_WARN_DOCUMENTATION_COMMENTS = YES;
				CLANG_WARN_EMPTY_BODY = YES;
				CLANG_WARN_ENUM_CONVERSION = YES;
				CLANG_WARN_INFINITE_RECURSION = YES;
				CLANG_WARN_INT_CONVERSION = YES;
				CLANG_WARN_NON_LITERAL_NULL_CONVERSION = YES;
				CLANG_WARN_OBJC_IMPLICIT_RETAIN_SELF = YES;
				CLANG_WARN_OBJC_LITERAL_CONVERSION = YES;
				CLANG_WARN_OBJC_ROOT_CLASS = YES_ERROR;
				CLANG_WARN_RANGE_LOOP_ANALYSIS = YES;
				CLANG_WARN_STRICT_PROTOTYPES = YES;
				CLANG_WARN_SUSPICIOUS_MOVE = YES;
				CLANG_WARN_UNGUARDED_AVAILABILITY = YES_AGGRESSIVE;
				CLANG_WARN_UNREACHABLE_CODE = YES;
				CLANG_WARN__DUPLICATE_METHOD_MATCH = YES;
				CODE_SIGN_IDENTITY = "iPhone Developer";
				COPY_PHASE_STRIP = NO;
				DEBUG_INFORMATION_FORMAT = dwarf;
				ENABLE_STRICT_OBJC_MSGSEND = YES;
				ENABLE_TESTABILITY = YES;
				GCC_C_LANGUAGE_STANDARD = gnu11;
				GCC_DYNAMIC_NO_PIC = NO;
				GCC_NO_COMMON_BLOCKS = YES;
				GCC_OPTIMIZATION_LEVEL = 0;
				GCC_PREPROCESSOR_DEFINITIONS = (
					"DEBUG=1",
					"$(inherited)",
				);
				GCC_WARN_64_TO_32_BIT_CONVERSION = YES;
				GCC_WARN_ABOUT_RETURN_TYPE = YES_ERROR;
				GCC_WARN_UNDECLARED_SELECTOR = YES;
				GCC_WARN_UNINITIALIZED_AUTOS = YES_AGGRESSIVE;
				GCC_WARN_UNUSED_FUNCTION = YES;
				GCC_WARN_UNUSED_VARIABLE = YES;
				IPHONEOS_DEPLOYMENT_TARGET = 12.1;
				MTL_ENABLE_DEBUG_INFO = INCLUDE_SOURCE;
				MTL_FAST_MATH = YES;
				ONLY_ACTIVE_ARCH = YES;
				SDKROOT = iphoneos;
				SWIFT_ACTIVE_COMPILATION_CONDITIONS = DEBUG;
				SWIFT_OPTIMIZATION_LEVEL = "-Onone";
			};
			name = Debug;
		};
		21FCA7DF2196208E00244CC8 /* Release */ = {
			isa = XCBuildConfiguration;
			buildSettings = {
				ALWAYS_SEARCH_USER_PATHS = NO;
				CLANG_ANALYZER_NONNULL = YES;
				CLANG_ANALYZER_NUMBER_OBJECT_CONVERSION = YES_AGGRESSIVE;
				CLANG_CXX_LANGUAGE_STANDARD = "gnu++14";
				CLANG_CXX_LIBRARY = "libc++";
				CLANG_ENABLE_MODULES = YES;
				CLANG_ENABLE_OBJC_ARC = YES;
				CLANG_ENABLE_OBJC_WEAK = YES;
				CLANG_WARN_BLOCK_CAPTURE_AUTORELEASING = YES;
				CLANG_WARN_BOOL_CONVERSION = YES;
				CLANG_WARN_COMMA = YES;
				CLANG_WARN_CONSTANT_CONVERSION = YES;
				CLANG_WARN_DEPRECATED_OBJC_IMPLEMENTATIONS = YES;
				CLANG_WARN_DIRECT_OBJC_ISA_USAGE = YES_ERROR;
				CLANG_WARN_DOCUMENTATION_COMMENTS = YES;
				CLANG_WARN_EMPTY_BODY = YES;
				CLANG_WARN_ENUM_CONVERSION = YES;
				CLANG_WARN_INFINITE_RECURSION = YES;
				CLANG_WARN_INT_CONVERSION = YES;
				CLANG_WARN_NON_LITERAL_NULL_CONVERSION = YES;
				CLANG_WARN_OBJC_IMPLICIT_RETAIN_SELF = YES;
				CLANG_WARN_OBJC_LITERAL_CONVERSION = YES;
				CLANG_WARN_OBJC_ROOT_CLASS = YES_ERROR;
				CLANG_WARN_RANGE_LOOP_ANALYSIS = YES;
				CLANG_WARN_STRICT_PROTOTYPES = YES;
				CLANG_WARN_SUSPICIOUS_MOVE = YES;
				CLANG_WARN_UNGUARDED_AVAILABILITY = YES_AGGRESSIVE;
				CLANG_WARN_UNREACHABLE_CODE = YES;
				CLANG_WARN__DUPLICATE_METHOD_MATCH = YES;
				CODE_SIGN_IDENTITY = "iPhone Developer";
				COPY_PHASE_STRIP = NO;
				DEBUG_INFORMATION_FORMAT = "dwarf-with-dsym";
				ENABLE_NS_ASSERTIONS = NO;
				ENABLE_STRICT_OBJC_MSGSEND = YES;
				GCC_C_LANGUAGE_STANDARD = gnu11;
				GCC_NO_COMMON_BLOCKS = YES;
				GCC_WARN_64_TO_32_BIT_CONVERSION = YES;
				GCC_WARN_ABOUT_RETURN_TYPE = YES_ERROR;
				GCC_WARN_UNDECLARED_SELECTOR = YES;
				GCC_WARN_UNINITIALIZED_AUTOS = YES_AGGRESSIVE;
				GCC_WARN_UNUSED_FUNCTION = YES;
				GCC_WARN_UNUSED_VARIABLE = YES;
				IPHONEOS_DEPLOYMENT_TARGET = 12.1;
				MTL_ENABLE_DEBUG_INFO = NO;
				MTL_FAST_MATH = YES;
				SDKROOT = iphoneos;
				SWIFT_COMPILATION_MODE = wholemodule;
				SWIFT_OPTIMIZATION_LEVEL = "-O";
				VALIDATE_PRODUCT = YES;
			};
			name = Release;
		};
		21FCA7E12196208E00244CC8 /* Debug */ = {
			isa = XCBuildConfiguration;
			buildSettings = {
				ASSETCATALOG_COMPILER_APPICON_NAME = AppIcon;
				CODE_SIGN_IDENTITY = "iPhone Developer";
				CODE_SIGN_STYLE = Automatic;
				DEVELOPMENT_TEAM = RKUDRP485A;
				INFOPLIST_FILE = FaceTouchAndSecureData/Info.plist;
				LD_RUNPATH_SEARCH_PATHS = (
					"$(inherited)",
					"@executable_path/Frameworks",
				);
				PRODUCT_BUNDLE_IDENTIFIER = com.santosh104.dev;
				PRODUCT_NAME = "$(TARGET_NAME)";
				PROVISIONING_PROFILE_SPECIFIER = "";
				SWIFT_VERSION = 4.2;
				TARGETED_DEVICE_FAMILY = "1,2";
			};
			name = Debug;
		};
		21FCA7E22196208E00244CC8 /* Release */ = {
			isa = XCBuildConfiguration;
			buildSettings = {
				ASSETCATALOG_COMPILER_APPICON_NAME = AppIcon;
				CODE_SIGN_IDENTITY = "iPhone Developer";
				CODE_SIGN_STYLE = Automatic;
				DEVELOPMENT_TEAM = RKUDRP485A;
				INFOPLIST_FILE = FaceTouchAndSecureData/Info.plist;
				LD_RUNPATH_SEARCH_PATHS = (
					"$(inherited)",
					"@executable_path/Frameworks",
				);
				PRODUCT_BUNDLE_IDENTIFIER = com.santosh104.dev;
				PRODUCT_NAME = "$(TARGET_NAME)";
				PROVISIONING_PROFILE_SPECIFIER = "";
				SWIFT_VERSION = 4.2;
				TARGETED_DEVICE_FAMILY = "1,2";
			};
			name = Release;
		};
		21FCA7E42196208E00244CC8 /* Debug */ = {
			isa = XCBuildConfiguration;
			buildSettings = {
				ALWAYS_EMBED_SWIFT_STANDARD_LIBRARIES = YES;
				BUNDLE_LOADER = "$(TEST_HOST)";
				CODE_SIGN_STYLE = Automatic;
				INFOPLIST_FILE = FaceTouchAndSecureDataTests/Info.plist;
				LD_RUNPATH_SEARCH_PATHS = (
					"$(inherited)",
					"@executable_path/Frameworks",
					"@loader_path/Frameworks",
				);
				PRODUCT_BUNDLE_IDENTIFIER = "com.-santosh104.FaceTouchAndSecureDataTests";
				PRODUCT_NAME = "$(TARGET_NAME)";
				SWIFT_VERSION = 4.2;
				TARGETED_DEVICE_FAMILY = "1,2";
				TEST_HOST = "$(BUILT_PRODUCTS_DIR)/FaceTouchAndSecureData.app/FaceTouchAndSecureData";
			};
			name = Debug;
		};
		21FCA7E52196208E00244CC8 /* Release */ = {
			isa = XCBuildConfiguration;
			buildSettings = {
				ALWAYS_EMBED_SWIFT_STANDARD_LIBRARIES = YES;
				BUNDLE_LOADER = "$(TEST_HOST)";
				CODE_SIGN_STYLE = Automatic;
				INFOPLIST_FILE = FaceTouchAndSecureDataTests/Info.plist;
				LD_RUNPATH_SEARCH_PATHS = (
					"$(inherited)",
					"@executable_path/Frameworks",
					"@loader_path/Frameworks",
				);
				PRODUCT_BUNDLE_IDENTIFIER = "com.-santosh104.FaceTouchAndSecureDataTests";
				PRODUCT_NAME = "$(TARGET_NAME)";
				SWIFT_VERSION = 4.2;
				TARGETED_DEVICE_FAMILY = "1,2";
				TEST_HOST = "$(BUILT_PRODUCTS_DIR)/FaceTouchAndSecureData.app/FaceTouchAndSecureData";
			};
			name = Release;
		};
/* End XCBuildConfiguration section */

/* Begin XCConfigurationList section */
		21FCA7BB2196208C00244CC8 /* Build configuration list for PBXProject "FaceTouchAndSecureData" */ = {
			isa = XCConfigurationList;
			buildConfigurations = (
				21FCA7DE2196208E00244CC8 /* Debug */,
				21FCA7DF2196208E00244CC8 /* Release */,
			);
			defaultConfigurationIsVisible = 0;
			defaultConfigurationName = Release;
		};
		21FCA7E02196208E00244CC8 /* Build configuration list for PBXNativeTarget "FaceTouchAndSecureData" */ = {
			isa = XCConfigurationList;
			buildConfigurations = (
				21FCA7E12196208E00244CC8 /* Debug */,
				21FCA7E22196208E00244CC8 /* Release */,
			);
			defaultConfigurationIsVisible = 0;
			defaultConfigurationName = Release;
		};
		21FCA7E32196208E00244CC8 /* Build configuration list for PBXNativeTarget "FaceTouchAndSecureDataTests" */ = {
			isa = XCConfigurationList;
			buildConfigurations = (
				21FCA7E42196208E00244CC8 /* Debug */,
				21FCA7E52196208E00244CC8 /* Release */,
			);
			defaultConfigurationIsVisible = 0;
			defaultConfigurationName = Release;
		};
/* End XCConfigurationList section */

/* Begin XCVersionGroup section */
		21FCA7CA2196208C00244CC8 /* FaceTouchAndSecureData.xcdatamodeld */ = {
			isa = XCVersionGroup;
			children = (
				21FCA7CB2196208C00244CC8 /* FaceTouchAndSecureData.xcdatamodel */,
			);
			currentVersion = 21FCA7CB2196208C00244CC8 /* FaceTouchAndSecureData.xcdatamodel */;
			path = FaceTouchAndSecureData.xcdatamodeld;
			sourceTree = "<group>";
			versionGroupType = wrapper.xcdatamodel;
		};
/* End XCVersionGroup section */
	};
	rootObject = 21FCA7B82196208C00244CC8 /* Project object */;
}
